{
  "name": "Diary",
  "lockfileVersion": 3,
  "requires": true,
  "packages": {
    "": {
      "dependencies": {
        "chart.js": "^4.4.7",
        "chartjs-plugin-zoom": "^2.2.0",
        "fullcalendar": "^6.1.15"
      }
    },
    "node_modules/@fullcalendar/core": {
      "version": "6.1.15",
      "resolved": "https://registry.npmjs.org/@fullcalendar/core/-/core-6.1.15.tgz",
      "integrity": "sha512-BuX7o6ALpLb84cMw1FCB9/cSgF4JbVO894cjJZ6kP74jzbUZNjtwffwRdA+Id8rrLjT30d/7TrkW90k4zbXB5Q==",
      "dependencies": {
        "preact": "~10.12.1"
      }
    },
    "node_modules/@fullcalendar/daygrid": {
      "version": "6.1.15",
      "resolved": "https://registry.npmjs.org/@fullcalendar/daygrid/-/daygrid-6.1.15.tgz",
      "integrity": "sha512-j8tL0HhfiVsdtOCLfzK2J0RtSkiad3BYYemwQKq512cx6btz6ZZ2RNc/hVnIxluuWFyvx5sXZwoeTJsFSFTEFA==",
      "peerDependencies": {
        "@fullcalendar/core": "~6.1.15"
      }
    },
    "node_modules/@fullcalendar/interaction": {
      "version": "6.1.15",
      "resolved": "https://registry.npmjs.org/@fullcalendar/interaction/-/interaction-6.1.15.tgz",
      "integrity": "sha512-DOTSkofizM7QItjgu7W68TvKKvN9PSEEvDJceyMbQDvlXHa7pm/WAVtAc6xSDZ9xmB1QramYoWGLHkCYbTW1rQ==",
      "peerDependencies": {
        "@fullcalendar/core": "~6.1.15"
      }
    },
    "node_modules/@fullcalendar/list": {
      "version": "6.1.15",
      "resolved": "https://registry.npmjs.org/@fullcalendar/list/-/list-6.1.15.tgz",
      "integrity": "sha512-U1bce04tYDwkFnuVImJSy2XalYIIQr6YusOWRPM/5ivHcJh67Gm8CIMSWpi3KdRSNKFkqBxLPkfZGBMaOcJYug==",
      "peerDependencies": {
        "@fullcalendar/core": "~6.1.15"
      }
    },
    "node_modules/@fullcalendar/multimonth": {
      "version": "6.1.15",
      "resolved": "https://registry.npmjs.org/@fullcalendar/multimonth/-/multimonth-6.1.15.tgz",
      "integrity": "sha512-sEZY6jbOYkeF9TwhUldG+UUVv+hiPlGkS8zZEgPR7ypcjhipyA03c5rPjx7N6huOHqh6lCMH59zlohLooQRlaw==",
      "dependencies": {
        "@fullcalendar/daygrid": "~6.1.15"
      },
      "peerDependencies": {
        "@fullcalendar/core": "~6.1.15"
      }
    },
    "node_modules/@fullcalendar/timegrid": {
      "version": "6.1.15",
      "resolved": "https://registry.npmjs.org/@fullcalendar/timegrid/-/timegrid-6.1.15.tgz",
      "integrity": "sha512-61ORr3A148RtxQ2FNG7JKvacyA/TEVZ7z6I+3E9Oeu3dqTf6M928bFcpehRTIK6zIA6Yifs7BeWHgOE9dFnpbw==",
      "dependencies": {
        "@fullcalendar/daygrid": "~6.1.15"
      },
      "peerDependencies": {
        "@fullcalendar/core": "~6.1.15"
      }
    },
    "node_modules/@kurkle/color": {
      "version": "0.3.4",
      "resolved": "https://registry.npmjs.org/@kurkle/color/-/color-0.3.4.tgz",
      "integrity": "sha512-M5UknZPHRu3DEDWoipU6sE8PdkZ6Z/S+v4dD+Ke8IaNlpdSQah50lz1KtcFBa2vsdOnwbbnxJwVM4wty6udA5w=="
    },
    "node_modules/@types/hammerjs": {
      "version": "2.0.46",
      "resolved": "https://registry.npmjs.org/@types/hammerjs/-/hammerjs-2.0.46.tgz",
      "integrity": "sha512-ynRvcq6wvqexJ9brDMS4BnBLzmr0e14d6ZJTEShTBWKymQiHwlAyGu0ZPEFI2Fh1U53F7tN9ufClWM5KvqkKOw=="
    },
    "node_modules/chart.js": {
      "version": "4.4.7",
      "resolved": "https://registry.npmjs.org/chart.js/-/chart.js-4.4.7.tgz",
      "integrity": "sha512-pwkcKfdzTMAU/+jNosKhNL2bHtJc/sSmYgVbuGTEDhzkrhmyihmP7vUc/5ZK9WopidMDHNe3Wm7jOd/WhuHWuw==",
      "dependencies": {
        "@kurkle/color": "^0.3.0"
      },
      "engines": {
        "pnpm": ">=8"
      }
    },
    "node_modules/chartjs-plugin-zoom": {
      "version": "2.2.0",
      "resolved": "https://registry.npmjs.org/chartjs-plugin-zoom/-/chartjs-plugin-zoom-2.2.0.tgz",
      "integrity": "sha512-in6kcdiTlP6npIVLMd4zXZ08PDUXC52gZ4FAy5oyjk1zX3gKarXMAof7B9eFiisf9WOC3bh2saHg+J5WtLXZeA==",
      "dependencies": {
        "@types/hammerjs": "^2.0.45",
        "hammerjs": "^2.0.8"
      },
      "peerDependencies": {
        "chart.js": ">=3.2.0"
      }
    },
    "node_modules/fullcalendar": {
      "version": "6.1.15",
      "resolved": "https://registry.npmjs.org/fullcalendar/-/fullcalendar-6.1.15.tgz",
      "integrity": "sha512-CFnh1yswjRh9puJVDk8VGwTlyZ6eXxr4qLI7QCA0+bozyAm+BluP1US5mOtgk0gEq23nQxGSNDoBvAraz++saQ==",
      "dependencies": {
        "@fullcalendar/core": "~6.1.15",
        "@fullcalendar/daygrid": "~6.1.15",
        "@fullcalendar/interaction": "~6.1.15",
        "@fullcalendar/list": "~6.1.15",
        "@fullcalendar/multimonth": "~6.1.15",
        "@fullcalendar/timegrid": "~6.1.15"
      }
    },
    "node_modules/hammerjs": {
      "version": "2.0.8",
      "resolved": "https://registry.npmjs.org/hammerjs/-/hammerjs-2.0.8.tgz",
      "integrity": "sha512-tSQXBXS/MWQOn/RKckawJ61vvsDpCom87JgxiYdGwHdOa0ht0vzUWDlfioofFCRU0L+6NGDt6XzbgoJvZkMeRQ==",
      "engines": {
        "node": ">=0.8.0"
      }
    },
    "node_modules/preact": {
      "version": "10.12.1",
      "resolved": "https://registry.npmjs.org/preact/-/preact-10.12.1.tgz",
      "integrity": "sha512-l8386ixSsBdbreOAkqtrwqHwdvR35ID8c3rKPa8lCWuO86dBi32QWHV4vfsZK1utLLFMvw+Z5Ad4XLkZzchscg==",
      "funding": {
        "type": "opencollective",
        "url": "https://opencollective.com/preact"
      }
    }
  }
}
